
Microsoft Visual Studio Solution File, Format Version 12.00
# Visual Studio Version 17
VisualStudioVersion = 17.11.35312.102
MinimumVisualStudioVersion = 10.0.40219.1
Project("{9A19103F-16F7-4668-BE54-9A1E7A4F7556}") = "LambdaDemo", "LamdaDemo\LambdaDemo.csproj", "{F8D2F680-7B44-4011-9E6D-1996D1BDB5C6}"
EndProject
Project("{9A19103F-16F7-4668-BE54-9A1E7A4F7556}") = "LINQDemo", "LINQDemo\LINQDemo.csproj", "{20B622F5-600D-43B5-B4CF-138C28D69A06}"
EndProject
Project("{FAE04EC0-301F-11D3-BF4B-00C04F79EFBC}") = "FileIODemo", "FileIODemo\FileIODemo.csproj", "{51F36D4E-1061-47D9-B0BD-735449CE68C1}"
EndProject
Global
	GlobalSection(SolutionConfigurationPlatforms) = preSolution
		Debug|Any CPU = Debug|Any CPU
		Release|Any CPU = Release|Any CPU
	EndGlobalSection
	GlobalSection(ProjectConfigurationPlatforms) = postSolution
		{F8D2F680-7B44-4011-9E6D-1996D1BDB5C6}.Debug|Any CPU.ActiveCfg = Debug|Any CPU
		{F8D2F680-7B44-4011-9E6D-1996D1BDB5C6}.Debug|Any CPU.Build.0 = Debug|Any CPU
		{F8D2F680-7B44-4011-9E6D-1996D1BDB5C6}.Release|Any CPU.ActiveCfg = Release|Any CPU
		{F8D2F680-7B44-4011-9E6D-1996D1BDB5C6}.Release|Any CPU.Build.0 = Release|Any CPU
		{20B622F5-600D-43B5-B4CF-138C28D69A06}.Debug|Any CPU.ActiveCfg = Debug|Any CPU
		{20B622F5-600D-43B5-B4CF-138C28D69A06}.Debug|Any CPU.Build.0 = Debug|Any CPU
		{20B622F5-600D-43B5-B4CF-138C28D69A06}.Release|Any CPU.ActiveCfg = Release|Any CPU
		{20B622F5-600D-43B5-B4CF-138C28D69A06}.Release|Any CPU.Build.0 = Release|Any CPU
		{51F36D4E-1061-47D9-B0BD-735449CE68C1}.Debug|Any CPU.ActiveCfg = Debug|Any CPU
		{51F36D4E-1061-47D9-B0BD-735449CE68C1}.Debug|Any CPU.Build.0 = Debug|Any CPU
		{51F36D4E-1061-47D9-B0BD-735449CE68C1}.Release|Any CPU.ActiveCfg = Release|Any CPU
		{51F36D4E-1061-47D9-B0BD-735449CE68C1}.Release|Any CPU.Build.0 = Release|Any CPU
	EndGlobalSection
	GlobalSection(SolutionProperties) = preSolution
		HideSolutionNode = FALSE
	EndGlobalSection
	GlobalSection(ExtensibilityGlobals) = postSolution
		SolutionGuid = {282143C2-9AD6-4C0C-88A5-61B60429FA35}
	EndGlobalSection
EndGlobal
