
Microsoft Visual Studio Solution File, Format Version 12.00
# Visual Studio Version 17
VisualStudioVersion = 17.11.35312.102
MinimumVisualStudioVersion = 10.0.40219.1
Project("{FAE04EC0-301F-11D3-BF4B-00C04F79EFBC}") = "DBFAAPI", "DBFAAPI.csproj", "{CA9DA2DE-AB88-484F-BA21-BC77BE1566B4}"
EndProject
Global
	GlobalSection(SolutionConfigurationPlatforms) = preSolution
		Debug|Any CPU = Debug|Any CPU
		Release|Any CPU = Release|Any CPU
	EndGlobalSection
	GlobalSection(ProjectConfigurationPlatforms) = postSolution
		{CA9DA2DE-AB88-484F-BA21-BC77BE1566B4}.Debug|Any CPU.ActiveCfg = Debug|Any CPU
		{CA9DA2DE-AB88-484F-BA21-BC77BE1566B4}.Debug|Any CPU.Build.0 = Debug|Any CPU
		{CA9DA2DE-AB88-484F-BA21-BC77BE1566B4}.Release|Any CPU.ActiveCfg = Release|Any CPU
		{CA9DA2DE-AB88-484F-BA21-BC77BE1566B4}.Release|Any CPU.Build.0 = Release|Any CPU
	EndGlobalSection
	GlobalSection(SolutionProperties) = preSolution
		HideSolutionNode = FALSE
	EndGlobalSection
	GlobalSection(ExtensibilityGlobals) = postSolution
		SolutionGuid = {BA54798D-E21B-4DE1-A601-94179D47904D}
	EndGlobalSection
EndGlobal
