
Microsoft Visual Studio Solution File, Format Version 12.00
# Visual Studio Version 17
VisualStudioVersion = 17.11.35312.102
MinimumVisualStudioVersion = 10.0.40219.1
Project("{FAE04EC0-301F-11D3-BF4B-00C04F79EFBC}") = "Product_Test", "Product_Test\Product_Test.csproj", "{410F1F37-2A6F-4666-8D79-2B266A61E644}"
EndProject
Project("{FAE04EC0-301F-11D3-BF4B-00C04F79EFBC}") = "ProductApp", "ProductApp\ProductApp.csproj", "{0594FAE3-11A5-4522-BA29-3D9716C6FC53}"
EndProject
Global
	GlobalSection(SolutionConfigurationPlatforms) = preSolution
		Debug|Any CPU = Debug|Any CPU
		Release|Any CPU = Release|Any CPU
	EndGlobalSection
	GlobalSection(ProjectConfigurationPlatforms) = postSolution
		{410F1F37-2A6F-4666-8D79-2B266A61E644}.Debug|Any CPU.ActiveCfg = Debug|Any CPU
		{410F1F37-2A6F-4666-8D79-2B266A61E644}.Debug|Any CPU.Build.0 = Debug|Any CPU
		{410F1F37-2A6F-4666-8D79-2B266A61E644}.Release|Any CPU.ActiveCfg = Release|Any CPU
		{410F1F37-2A6F-4666-8D79-2B266A61E644}.Release|Any CPU.Build.0 = Release|Any CPU
		{0594FAE3-11A5-4522-BA29-3D9716C6FC53}.Debug|Any CPU.ActiveCfg = Debug|Any CPU
		{0594FAE3-11A5-4522-BA29-3D9716C6FC53}.Debug|Any CPU.Build.0 = Debug|Any CPU
		{0594FAE3-11A5-4522-BA29-3D9716C6FC53}.Release|Any CPU.ActiveCfg = Release|Any CPU
		{0594FAE3-11A5-4522-BA29-3D9716C6FC53}.Release|Any CPU.Build.0 = Release|Any CPU
	EndGlobalSection
	GlobalSection(SolutionProperties) = preSolution
		HideSolutionNode = FALSE
	EndGlobalSection
	GlobalSection(ExtensibilityGlobals) = postSolution
		SolutionGuid = {05BDA328-60F0-4D70-A007-9CF20B978399}
	EndGlobalSection
EndGlobal
