
Microsoft Visual Studio Solution File, Format Version 12.00
# Visual Studio Version 17
VisualStudioVersion = 17.11.35312.102
MinimumVisualStudioVersion = 10.0.40219.1
Project("{FAE04EC0-301F-11D3-BF4B-00C04F79EFBC}") = "WebAPICFDemo", "WebAPICFDemo.csproj", "{40CB19F3-0E0E-4325-8860-269FB1A5A4BB}"
EndProject
Global
	GlobalSection(SolutionConfigurationPlatforms) = preSolution
		Debug|Any CPU = Debug|Any CPU
		Release|Any CPU = Release|Any CPU
	EndGlobalSection
	GlobalSection(ProjectConfigurationPlatforms) = postSolution
		{40CB19F3-0E0E-4325-8860-269FB1A5A4BB}.Debug|Any CPU.ActiveCfg = Debug|Any CPU
		{40CB19F3-0E0E-4325-8860-269FB1A5A4BB}.Debug|Any CPU.Build.0 = Debug|Any CPU
		{40CB19F3-0E0E-4325-8860-269FB1A5A4BB}.Release|Any CPU.ActiveCfg = Release|Any CPU
		{40CB19F3-0E0E-4325-8860-269FB1A5A4BB}.Release|Any CPU.Build.0 = Release|Any CPU
	EndGlobalSection
	GlobalSection(SolutionProperties) = preSolution
		HideSolutionNode = FALSE
	EndGlobalSection
	GlobalSection(ExtensibilityGlobals) = postSolution
		SolutionGuid = {99FB0934-434F-4729-A763-CFD8B07832E5}
	EndGlobalSection
EndGlobal
